
Microsoft Visual Studio Solution File, Format Version 12.00
# Visual Studio 14
VisualStudioVersion = 14.0.25420.1
MinimumVisualStudioVersion = 10.0.40219.1
Project("{FAE04EC0-301F-11D3-BF4B-00C04F79EFBC}") = "GUI", "GUI\GUI.csproj", "{46C23D9E-9FAC-4DE2-A1D8-534242DCD2A1}"
EndProject
Project("{FAE04EC0-301F-11D3-BF4B-00C04F79EFBC}") = "DAL", "DAL\DAL.csproj", "{7DF62221-5B7E-4593-8BCD-BBF9BBE63205}"
EndProject
Project("{FAE04EC0-301F-11D3-BF4B-00C04F79EFBC}") = "BLL", "BLL\BLL.csproj", "{597828D0-7BEB-410B-80A1-E579C2A8F495}"
EndProject
Global
	GlobalSection(SolutionConfigurationPlatforms) = preSolution
		Debug|Any CPU = Debug|Any CPU
		Release|Any CPU = Release|Any CPU
	EndGlobalSection
	GlobalSection(ProjectConfigurationPlatforms) = postSolution
		{46C23D9E-9FAC-4DE2-A1D8-534242DCD2A1}.Debug|Any CPU.ActiveCfg = Debug|Any CPU
		{46C23D9E-9FAC-4DE2-A1D8-534242DCD2A1}.Debug|Any CPU.Build.0 = Debug|Any CPU
		{46C23D9E-9FAC-4DE2-A1D8-534242DCD2A1}.Release|Any CPU.ActiveCfg = Release|Any CPU
		{46C23D9E-9FAC-4DE2-A1D8-534242DCD2A1}.Release|Any CPU.Build.0 = Release|Any CPU
		{7DF62221-5B7E-4593-8BCD-BBF9BBE63205}.Debug|Any CPU.ActiveCfg = Debug|Any CPU
		{7DF62221-5B7E-4593-8BCD-BBF9BBE63205}.Debug|Any CPU.Build.0 = Debug|Any CPU
		{7DF62221-5B7E-4593-8BCD-BBF9BBE63205}.Release|Any CPU.ActiveCfg = Release|Any CPU
		{7DF62221-5B7E-4593-8BCD-BBF9BBE63205}.Release|Any CPU.Build.0 = Release|Any CPU
		{597828D0-7BEB-410B-80A1-E579C2A8F495}.Debug|Any CPU.ActiveCfg = Debug|Any CPU
		{597828D0-7BEB-410B-80A1-E579C2A8F495}.Debug|Any CPU.Build.0 = Debug|Any CPU
		{597828D0-7BEB-410B-80A1-E579C2A8F495}.Release|Any CPU.ActiveCfg = Release|Any CPU
		{597828D0-7BEB-410B-80A1-E579C2A8F495}.Release|Any CPU.Build.0 = Release|Any CPU
	EndGlobalSection
	GlobalSection(SolutionProperties) = preSolution
		HideSolutionNode = FALSE
	EndGlobalSection
EndGlobal
